// !$*UTF8*$!
{
	archiveVersion = 1;
	classes = {
	};
	objectVersion = 50;
	objects = {

/* Begin PBXBuildFile section */
		CE81FF8F23D2EC6900D7DD64 /* AppDelegate.swift in Sources */ = {isa = PBXBuildFile; fileRef = CE81FF8E23D2EC6900D7DD64 /* AppDelegate.swift */; };
		CE81FF9123D2EC6900D7DD64 /* SceneDelegate.swift in Sources */ = {isa = PBXBuildFile; fileRef = CE81FF9023D2EC6900D7DD64 /* SceneDelegate.swift */; };
		CE81FF9323D2EC6900D7DD64 /* ViewController.swift in Sources */ = {isa = PBXBuildFile; fileRef = CE81FF9223D2EC6900D7DD64 /* ViewController.swift */; };
		CE81FF9623D2EC6900D7DD64 /* Main.storyboard in Resources */ = {isa = PBXBuildFile; fileRef = CE81FF9423D2EC6900D7DD64 /* Main.storyboard */; };
		CE81FF9823D2EC6B00D7DD64 /* Assets.xcassets in Resources */ = {isa = PBXBuildFile; fileRef = CE81FF9723D2EC6B00D7DD64 /* Assets.xcassets */; };
		CE81FF9B23D2EC6B00D7DD64 /* LaunchScreen.storyboard in Resources */ = {isa = PBXBuildFile; fileRef = CE81FF9923D2EC6B00D7DD64 /* LaunchScreen.storyboard */; };
		CE81FFA323D3E21900D7DD64 /* MeMeStruct.swift in Sources */ = {isa = PBXBuildFile; fileRef = CE81FFA223D3E21900D7DD64 /* MeMeStruct.swift */; };
		CE81FFA623D3EFA800D7DD64 /* ClearTextFieldDelegate.swift in Sources */ = {isa = PBXBuildFile; fileRef = CE81FFA523D3EFA800D7DD64 /* ClearTextFieldDelegate.swift */; };
		CEBBB29723DBBC4D007ABDF1 /* MemeCollectionViewCell.swift in Sources */ = {isa = PBXBuildFile; fileRef = CEBBB29623DBBC4D007ABDF1 /* MemeCollectionViewCell.swift */; };
		CEE76E2623D9B7AC00160E06 /* MemeTableViewController.swift in Sources */ = {isa = PBXBuildFile; fileRef = CEE76E2523D9B7AC00160E06 /* MemeTableViewController.swift */; };
		CEE76E2823D9B7D300160E06 /* MemeCollectionViewController.swift in Sources */ = {isa = PBXBuildFile; fileRef = CEE76E2723D9B7D300160E06 /* MemeCollectionViewController.swift */; };
		CEF272B023DBF1810054747E /* MemeTableViewCell.swift in Sources */ = {isa = PBXBuildFile; fileRef = CEF272AF23DBF1810054747E /* MemeTableViewCell.swift */; };
		CEF272B223DC05990054747E /* DetailsViewController.swift in Sources */ = {isa = PBXBuildFile; fileRef = CEF272B123DC05990054747E /* DetailsViewController.swift */; };
/* End PBXBuildFile section */

/* Begin PBXFileReference section */
		CE81FF8B23D2EC6900D7DD64 /* MemeMe.app */ = {isa = PBXFileReference; explicitFileType = wrapper.application; includeInIndex = 0; path = MemeMe.app; sourceTree = BUILT_PRODUCTS_DIR; };
		CE81FF8E23D2EC6900D7DD64 /* AppDelegate.swift */ = {isa = PBXFileReference; lastKnownFileType = sourcecode.swift; path = AppDelegate.swift; sourceTree = "<group>"; };
		CE81FF9023D2EC6900D7DD64 /* SceneDelegate.swift */ = {isa = PBXFileReference; lastKnownFileType = sourcecode.swift; path = SceneDelegate.swift; sourceTree = "<group>"; };
		CE81FF9223D2EC6900D7DD64 /* ViewController.swift */ = {isa = PBXFileReference; lastKnownFileType = sourcecode.swift; path = ViewController.swift; sourceTree = "<group>"; };
		CE81FF9523D2EC6900D7DD64 /* Base */ = {isa = PBXFileReference; lastKnownFileType = file.storyboard; name = Base; path = Base.lproj/Main.storyboard; sourceTree = "<group>"; };
		CE81FF9723D2EC6B00D7DD64 /* Assets.xcassets */ = {isa = PBXFileReference; lastKnownFileType = folder.assetcatalog; path = Assets.xcassets; sourceTree = "<group>"; };
		CE81FF9A23D2EC6B00D7DD64 /* Base */ = {isa = PBXFileReference; lastKnownFileType = file.storyboard; name = Base; path = Base.lproj/LaunchScreen.storyboard; sourceTree = "<group>"; };
		CE81FF9C23D2EC6B00D7DD64 /* Info.plist */ = {isa = PBXFileReference; lastKnownFileType = text.plist.xml; path = Info.plist; sourceTree = "<group>"; };
		CE81FFA223D3E21900D7DD64 /* MeMeStruct.swift */ = {isa = PBXFileReference; lastKnownFileType = sourcecode.swift; path = MeMeStruct.swift; sourceTree = "<group>"; };
		CE81FFA523D3EFA800D7DD64 /* ClearTextFieldDelegate.swift */ = {isa = PBXFileReference; lastKnownFileType = sourcecode.swift; path = ClearTextFieldDelegate.swift; sourceTree = "<group>"; };
		CEBBB29623DBBC4D007ABDF1 /* MemeCollectionViewCell.swift */ = {isa = PBXFileReference; lastKnownFileType = sourcecode.swift; path = MemeCollectionViewCell.swift; sourceTree = "<group>"; };
		CEE76E2523D9B7AC00160E06 /* MemeTableViewController.swift */ = {isa = PBXFileReference; lastKnownFileType = sourcecode.swift; path = MemeTableViewController.swift; sourceTree = "<group>"; };
		CEE76E2723D9B7D300160E06 /* MemeCollectionViewController.swift */ = {isa = PBXFileReference; lastKnownFileType = sourcecode.swift; path = MemeCollectionViewController.swift; sourceTree = "<group>"; };
		CEF272AF23DBF1810054747E /* MemeTableViewCell.swift */ = {isa = PBXFileReference; lastKnownFileType = sourcecode.swift; path = MemeTableViewCell.swift; sourceTree = "<group>"; };
		CEF272B123DC05990054747E /* DetailsViewController.swift */ = {isa = PBXFileReference; lastKnownFileType = sourcecode.swift; path = DetailsViewController.swift; sourceTree = "<group>"; };
/* End PBXFileReference section */

/* Begin PBXFrameworksBuildPhase section */
		CE81FF8823D2EC6900D7DD64 /* Frameworks */ = {
			isa = PBXFrameworksBuildPhase;
			buildActionMask = 2147483647;
			files = (
			);
			runOnlyForDeploymentPostprocessing = 0;
		};
/* End PBXFrameworksBuildPhase section */

/* Begin PBXGroup section */
		CE81FF8223D2EC6900D7DD64 = {
			isa = PBXGroup;
			children = (
				CE81FF8D23D2EC6900D7DD64 /* MemeMe */,
				CE81FF8C23D2EC6900D7DD64 /* Products */,
			);
			sourceTree = "<group>";
		};
		CE81FF8C23D2EC6900D7DD64 /* Products */ = {
			isa = PBXGroup;
			children = (
				CE81FF8B23D2EC6900D7DD64 /* MemeMe.app */,
			);
			name = Products;
			sourceTree = "<group>";
		};
		CE81FF8D23D2EC6900D7DD64 /* MemeMe */ = {
			isa = PBXGroup;
			children = (
				CE81FFA423D3EF8B00D7DD64 /* Delegates */,
				CE81FF8E23D2EC6900D7DD64 /* AppDelegate.swift */,
				CE81FF9023D2EC6900D7DD64 /* SceneDelegate.swift */,
				CE81FF9223D2EC6900D7DD64 /* ViewController.swift */,
				CEE76E2723D9B7D300160E06 /* MemeCollectionViewController.swift */,
				CEBBB29623DBBC4D007ABDF1 /* MemeCollectionViewCell.swift */,
				CE81FF9423D2EC6900D7DD64 /* Main.storyboard */,
				CEE76E2523D9B7AC00160E06 /* MemeTableViewController.swift */,
				CEF272AF23DBF1810054747E /* MemeTableViewCell.swift */,
				CE81FF9723D2EC6B00D7DD64 /* Assets.xcassets */,
				CE81FF9923D2EC6B00D7DD64 /* LaunchScreen.storyboard */,
				CE81FF9C23D2EC6B00D7DD64 /* Info.plist */,
				CE81FFA223D3E21900D7DD64 /* MeMeStruct.swift */,
				CEF272B123DC05990054747E /* DetailsViewController.swift */,
			);
			path = MemeMe;
			sourceTree = "<group>";
		};
		CE81FFA423D3EF8B00D7DD64 /* Delegates */ = {
			isa = PBXGroup;
			children = (
				CE81FFA523D3EFA800D7DD64 /* ClearTextFieldDelegate.swift */,
			);
			path = Delegates;
			sourceTree = "<group>";
		};
/* End PBXGroup section */

/* Begin PBXNativeTarget section */
		CE81FF8A23D2EC6900D7DD64 /* MemeMe */ = {
			isa = PBXNativeTarget;
			buildConfigurationList = CE81FF9F23D2EC6B00D7DD64 /* Build configuration list for PBXNativeTarget "MemeMe" */;
			buildPhases = (
				CE81FF8723D2EC6900D7DD64 /* Sources */,
				CE81FF8823D2EC6900D7DD64 /* Frameworks */,
				CE81FF8923D2EC6900D7DD64 /* Resources */,
			);
			buildRules = (
			);
			dependencies = (
			);
			name = MemeMe;
			productName = MemeMe;
			productReference = CE81FF8B23D2EC6900D7DD64 /* MemeMe.app */;
			productType = "com.apple.product-type.application";
		};
/* End PBXNativeTarget section */

/* Begin PBXProject section */
		CE81FF8323D2EC6900D7DD64 /* Project object */ = {
			isa = PBXProject;
			attributes = {
				LastSwiftUpdateCheck = 1130;
				LastUpgradeCheck = 1130;
				ORGANIZATIONNAME = Andalus;
				TargetAttributes = {
					CE81FF8A23D2EC6900D7DD64 = {
						CreatedOnToolsVersion = 11.3;
					};
				};
			};
			buildConfigurationList = CE81FF8623D2EC6900D7DD64 /* Build configuration list for PBXProject "MemeMe" */;
			compatibilityVersion = "Xcode 9.3";
			developmentRegion = en;
			hasScannedForEncodings = 0;
			knownRegions = (
				en,
				Base,
			);
			mainGroup = CE81FF8223D2EC6900D7DD64;
			productRefGroup = CE81FF8C23D2EC6900D7DD64 /* Products */;
			projectDirPath = "";
			projectRoot = "";
			targets = (
				CE81FF8A23D2EC6900D7DD64 /* MemeMe */,
			);
		};
/* End PBXProject section */

/* Begin PBXResourcesBuildPhase section */
		CE81FF8923D2EC6900D7DD64 /* Resources */ = {
			isa = PBXResourcesBuildPhase;
			buildActionMask = 2147483647;
			files = (
				CE81FF9B23D2EC6B00D7DD64 /* LaunchScreen.storyboard in Resources */,
				CE81FF9823D2EC6B00D7DD64 /* Assets.xcassets in Resources */,
				CE81FF9623D2EC6900D7DD64 /* Main.storyboard in Resources */,
			);
			runOnlyForDeploymentPostprocessing = 0;
		};
/* End PBXResourcesBuildPhase section */

/* Begin PBXSourcesBuildPhase section */
		CE81FF8723D2EC6900D7DD64 /* Sources */ = {
			isa = PBXSourcesBuildPhase;
			buildActionMask = 2147483647;
			files = (
				CE81FFA323D3E21900D7DD64 /* MeMeStruct.swift in Sources */,
				CE81FFA623D3EFA800D7DD64 /* ClearTextFieldDelegate.swift in Sources */,
				CEBBB29723DBBC4D007ABDF1 /* MemeCollectionViewCell.swift in Sources */,
				CE81FF9323D2EC6900D7DD64 /* ViewController.swift in Sources */,
				CEE76E2623D9B7AC00160E06 /* MemeTableViewController.swift in Sources */,
				CEE76E2823D9B7D300160E06 /* MemeCollectionViewController.swift in Sources */,
				CEF272B023DBF1810054747E /* MemeTableViewCell.swift in Sources */,
				CE81FF8F23D2EC6900D7DD64 /* AppDelegate.swift in Sources */,
				CE81FF9123D2EC6900D7DD64 /* SceneDelegate.swift in Sources */,
				CEF272B223DC05990054747E /* DetailsViewController.swift in Sources */,
			);
			runOnlyForDeploymentPostprocessing = 0;
		};
/* End PBXSourcesBuildPhase section */

/* Begin PBXVariantGroup section */
		CE81FF9423D2EC6900D7DD64 /* Main.storyboard */ = {
			isa = PBXVariantGroup;
			children = (
				CE81FF9523D2EC6900D7DD64 /* Base */,
			);
			name = Main.storyboard;
			sourceTree = "<group>";
		};
		CE81FF9923D2EC6B00D7DD64 /* LaunchScreen.storyboard */ = {
			isa = PBXVariantGroup;
			children = (
				CE81FF9A23D2EC6B00D7DD64 /* Base */,
			);
			name = LaunchScreen.storyboard;
			sourceTree = "<group>";
		};
/* End PBXVariantGroup section */

/* Begin XCBuildConfiguration section */
		CE81FF9D23D2EC6B00D7DD64 /* Debug */ = {
			isa = XCBuildConfiguration;
			buildSettings = {
				ALWAYS_SEARCH_USER_PATHS = NO;
				CLANG_ANALYZER_NONNULL = YES;
				CLANG_ANALYZER_NUMBER_OBJECT_CONVERSION = YES_AGGRESSIVE;
				CLANG_CXX_LANGUAGE_STANDARD = "gnu++14";
				CLANG_CXX_LIBRARY = "libc++";
				CLANG_ENABLE_MODULES = YES;
				CLANG_ENABLE_OBJC_ARC = YES;
				CLANG_ENABLE_OBJC_WEAK = YES;
				CLANG_WARN_BLOCK_CAPTURE_AUTORELEASING = YES;
				CLANG_WARN_BOOL_CONVERSION = YES;
				CLANG_WARN_COMMA = YES;
				CLANG_WARN_CONSTANT_CONVERSION = YES;
				CLANG_WARN_DEPRECATED_OBJC_IMPLEMENTATIONS = YES;
				CLANG_WARN_DIRECT_OBJC_ISA_USAGE = YES_ERROR;
				CLANG_WARN_DOCUMENTATION_COMMENTS = YES;
				CLANG_WARN_EMPTY_BODY = YES;
				CLANG_WARN_ENUM_CONVERSION = YES;
				CLANG_WARN_INFINITE_RECURSION = YES;
				CLANG_WARN_INT_CONVERSION = YES;
				CLANG_WARN_NON_LITERAL_NULL_CONVERSION = YES;
				CLANG_WARN_OBJC_IMPLICIT_RETAIN_SELF = YES;
				CLANG_WARN_OBJC_LITERAL_CONVERSION = YES;
				CLANG_WARN_OBJC_ROOT_CLASS = YES_ERROR;
				CLANG_WARN_RANGE_LOOP_ANALYSIS = YES;
				CLANG_WARN_STRICT_PROTOTYPES = YES;
				CLANG_WARN_SUSPICIOUS_MOVE = YES;
				CLANG_WARN_UNGUARDED_AVAILABILITY = YES_AGGRESSIVE;
				CLANG_WARN_UNREACHABLE_CODE = YES;
				CLANG_WARN__DUPLICATE_METHOD_MATCH = YES;
				COPY_PHASE_STRIP = NO;
				DEBUG_INFORMATION_FORMAT = dwarf;
				ENABLE_STRICT_OBJC_MSGSEND = YES;
				ENABLE_TESTABILITY = YES;
				GCC_C_LANGUAGE_STANDARD = gnu11;
				GCC_DYNAMIC_NO_PIC = NO;
				GCC_NO_COMMON_BLOCKS = YES;
				GCC_OPTIMIZATION_LEVEL = 0;
				GCC_PREPROCESSOR_DEFINITIONS = (
					"DEBUG=1",
					"$(inherited)",
				);
				GCC_WARN_64_TO_32_BIT_CONVERSION = YES;
				GCC_WARN_ABOUT_RETURN_TYPE = YES_ERROR;
				GCC_WARN_UNDECLARED_SELECTOR = YES;
				GCC_WARN_UNINITIALIZED_AUTOS = YES_AGGRESSIVE;
				GCC_WARN_UNUSED_FUNCTION = YES;
				GCC_WARN_UNUSED_VARIABLE = YES;
				IPHONEOS_DEPLOYMENT_TARGET = 13.2;
				MTL_ENABLE_DEBUG_INFO = INCLUDE_SOURCE;
				MTL_FAST_MATH = YES;
				ONLY_ACTIVE_ARCH = YES;
				SDKROOT = iphoneos;
				SWIFT_ACTIVE_COMPILATION_CONDITIONS = DEBUG;
				SWIFT_OPTIMIZATION_LEVEL = "-Onone";
			};
			name = Debug;
		};
		CE81FF9E23D2EC6B00D7DD64 /* Release */ = {
			isa = XCBuildConfiguration;
			buildSettings = {
				ALWAYS_SEARCH_USER_PATHS = NO;
				CLANG_ANALYZER_NONNULL = YES;
				CLANG_ANALYZER_NUMBER_OBJECT_CONVERSION = YES_AGGRESSIVE;
				CLANG_CXX_LANGUAGE_STANDARD = "gnu++14";
				CLANG_CXX_LIBRARY = "libc++";
				CLANG_ENABLE_MODULES = YES;
				CLANG_ENABLE_OBJC_ARC = YES;
				CLANG_ENABLE_OBJC_WEAK = YES;
				CLANG_WARN_BLOCK_CAPTURE_AUTORELEASING = YES;
				CLANG_WARN_BOOL_CONVERSION = YES;
				CLANG_WARN_COMMA = YES;
				CLANG_WARN_CONSTANT_CONVERSION = YES;
				CLANG_WARN_DEPRECATED_OBJC_IMPLEMENTATIONS = YES;
				CLANG_WARN_DIRECT_OBJC_ISA_USAGE = YES_ERROR;
				CLANG_WARN_DOCUMENTATION_COMMENTS = YES;
				CLANG_WARN_EMPTY_BODY = YES;
				CLANG_WARN_ENUM_CONVERSION = YES;
				CLANG_WARN_INFINITE_RECURSION = YES;
				CLANG_WARN_INT_CONVERSION = YES;
				CLANG_WARN_NON_LITERAL_NULL_CONVERSION = YES;
				CLANG_WARN_OBJC_IMPLICIT_RETAIN_SELF = YES;
				CLANG_WARN_OBJC_LITERAL_CONVERSION = YES;
				CLANG_WARN_OBJC_ROOT_CLASS = YES_ERROR;
				CLANG_WARN_RANGE_LOOP_ANALYSIS = YES;
				CLANG_WARN_STRICT_PROTOTYPES = YES;
				CLANG_WARN_SUSPICIOUS_MOVE = YES;
				CLANG_WARN_UNGUARDED_AVAILABILITY = YES_AGGRESSIVE;
				CLANG_WARN_UNREACHABLE_CODE = YES;
				CLANG_WARN__DUPLICATE_METHOD_MATCH = YES;
				COPY_PHASE_STRIP = NO;
				DEBUG_INFORMATION_FORMAT = "dwarf-with-dsym";
				ENABLE_NS_ASSERTIONS = NO;
				ENABLE_STRICT_OBJC_MSGSEND = YES;
				GCC_C_LANGUAGE_STANDARD = gnu11;
				GCC_NO_COMMON_BLOCKS = YES;
				GCC_WARN_64_TO_32_BIT_CONVERSION = YES;
				GCC_WARN_ABOUT_RETURN_TYPE = YES_ERROR;
				GCC_WARN_UNDECLARED_SELECTOR = YES;
				GCC_WARN_UNINITIALIZED_AUTOS = YES_AGGRESSIVE;
				GCC_WARN_UNUSED_FUNCTION = YES;
				GCC_WARN_UNUSED_VARIABLE = YES;
				IPHONEOS_DEPLOYMENT_TARGET = 13.2;
				MTL_ENABLE_DEBUG_INFO = NO;
				MTL_FAST_MATH = YES;
				SDKROOT = iphoneos;
				SWIFT_COMPILATION_MODE = wholemodule;
				SWIFT_OPTIMIZATION_LEVEL = "-O";
				VALIDATE_PRODUCT = YES;
			};
			name = Release;
		};
		CE81FFA023D2EC6B00D7DD64 /* Debug */ = {
			isa = XCBuildConfiguration;
			buildSettings = {
				ASSETCATALOG_COMPILER_APPICON_NAME = AppIcon;
				CODE_SIGN_STYLE = Automatic;
				INFOPLIST_FILE = MemeMe/Info.plist;
				LD_RUNPATH_SEARCH_PATHS = (
					"$(inherited)",
					"@executable_path/Frameworks",
				);
				PRODUCT_BUNDLE_IDENTIFIER = com.andalus.MemeMe;
				PRODUCT_NAME = "$(TARGET_NAME)";
				SWIFT_VERSION = 5.0;
				TARGETED_DEVICE_FAMILY = "1,2";
			};
			name = Debug;
		};
		CE81FFA123D2EC6B00D7DD64 /* Release */ = {
			isa = XCBuildConfiguration;
			buildSettings = {
				ASSETCATALOG_COMPILER_APPICON_NAME = AppIcon;
				CODE_SIGN_STYLE = Automatic;
				INFOPLIST_FILE = MemeMe/Info.plist;
				LD_RUNPATH_SEARCH_PATHS = (
					"$(inherited)",
					"@executable_path/Frameworks",
				);
				PRODUCT_BUNDLE_IDENTIFIER = com.andalus.MemeMe;
				PRODUCT_NAME = "$(TARGET_NAME)";
				SWIFT_VERSION = 5.0;
				TARGETED_DEVICE_FAMILY = "1,2";
			};
			name = Release;
		};
/* End XCBuildConfiguration section */

/* Begin XCConfigurationList section */
		CE81FF8623D2EC6900D7DD64 /* Build configuration list for PBXProject "MemeMe" */ = {
			isa = XCConfigurationList;
			buildConfigurations = (
				CE81FF9D23D2EC6B00D7DD64 /* Debug */,
				CE81FF9E23D2EC6B00D7DD64 /* Release */,
			);
			defaultConfigurationIsVisible = 0;
			defaultConfigurationName = Release;
		};
		CE81FF9F23D2EC6B00D7DD64 /* Build configuration list for PBXNativeTarget "MemeMe" */ = {
			isa = XCConfigurationList;
			buildConfigurations = (
				CE81FFA023D2EC6B00D7DD64 /* Debug */,
				CE81FFA123D2EC6B00D7DD64 /* Release */,
			);
			defaultConfigurationIsVisible = 0;
			defaultConfigurationName = Release;
		};
/* End XCConfigurationList section */
	};
	rootObject = CE81FF8323D2EC6900D7DD64 /* Project object */;
}
